
Microsoft Visual Studio Solution File, Format Version 11.00
# Visual Studio 2010
Project("{FAE04EC0-301F-11D3-BF4B-00C04F79EFBC}") = "Assembly-CSharp-Editor", "Assembly-CSharp-Editor.csproj", "{1e011be2-9447-7ac5-2946-4dd60321c5bc}"
EndProject
Global
	GlobalSection(SolutionConfigurationPlatforms) = preSolution
		Debug|Any CPU = Debug|Any CPU
		Release|Any CPU = Release|Any CPU
	EndGlobalSection
	GlobalSection(ProjectConfigurationPlatforms) = postSolution
		{1e011be2-9447-7ac5-2946-4dd60321c5bc}.Debug|Any CPU.ActiveCfg = Debug|Any CPU
		{1e011be2-9447-7ac5-2946-4dd60321c5bc}.Debug|Any CPU.Build.0 = Debug|Any CPU
		{1e011be2-9447-7ac5-2946-4dd60321c5bc}.Release|Any CPU.ActiveCfg = Release|Any CPU
		{1e011be2-9447-7ac5-2946-4dd60321c5bc}.Release|Any CPU.Build.0 = Release|Any CPU
	EndGlobalSection
	GlobalSection(SolutionProperties) = preSolution
		HideSolutionNode = FALSE
	EndGlobalSection
EndGlobal
